
Microsoft Visual Studio Solution File, Format Version 12.00
# Visual Studio Version 17
VisualStudioVersion = 17.14.36429.23 d17.14
MinimumVisualStudioVersion = 10.0.40219.1
Project("{E24C65DC-7377-472B-9ABA-BC803B73C61A}") = "CALL", ".", "{12DD3906-A33B-0AA3-407A-E3765E18B07D}"
	ProjectSection(WebsiteProperties) = preProject
		TargetFrameworkMoniker = ".NETFramework,Version%3Dv3.5"
		Debug.AspNetCompiler.VirtualPath = "/localhost_58043"
		Debug.AspNetCompiler.PhysicalPath = "E:\VisualStudio2022\CALL\"
		Debug.AspNetCompiler.TargetPath = "PrecompiledWeb\localhost_58043\"
		Debug.AspNetCompiler.Updateable = "true"
		Debug.AspNetCompiler.ForceOverwrite = "true"
		Debug.AspNetCompiler.FixedNames = "false"
		Debug.AspNetCompiler.Debug = "True"
		Release.AspNetCompiler.VirtualPath = "/localhost_58043"
		Release.AspNetCompiler.PhysicalPath = "E:\VisualStudio2022\CALL\"
		Release.AspNetCompiler.TargetPath = "PrecompiledWeb\localhost_58043\"
		Release.AspNetCompiler.Updateable = "true"
		Release.AspNetCompiler.ForceOverwrite = "true"
		Release.AspNetCompiler.FixedNames = "false"
		Release.AspNetCompiler.Debug = "False"
		VWDPort = "58043"
	EndProjectSection
EndProject
Global
	GlobalSection(SolutionConfigurationPlatforms) = preSolution
		Debug|Any CPU = Debug|Any CPU
	EndGlobalSection
	GlobalSection(ProjectConfigurationPlatforms) = postSolution
		{12DD3906-A33B-0AA3-407A-E3765E18B07D}.Debug|Any CPU.ActiveCfg = Debug|Any CPU
		{12DD3906-A33B-0AA3-407A-E3765E18B07D}.Debug|Any CPU.Build.0 = Debug|Any CPU
	EndGlobalSection
	GlobalSection(SolutionProperties) = preSolution
		HideSolutionNode = FALSE
	EndGlobalSection
	GlobalSection(ExtensibilityGlobals) = postSolution
		SolutionGuid = {0E686D6C-CE95-47F2-BF4F-601501269965}
	EndGlobalSection
EndGlobal
